[[package]]
category = "main"
description = "Abseil Python Common Libraries, see https://github.com/abseil/abseil-py."
name = "absl-py"
optional = false
python-versions = "*"
version = "0.8.1"

[package.dependencies]
six = "*"

[[package]]
category = "dev"
description = "A small Python module for determining appropriate platform-specific dirs, e.g. a \"user data dir\"."
name = "appdirs"
optional = false
python-versions = "*"
version = "1.4.3"

[[package]]
category = "main"
description = "Read/rewrite/write Python ASTs"
name = "astor"
optional = false
python-versions = ">=2.7, !=3.0.*, !=3.1.*, !=3.2.*, !=3.3.*"
version = "0.8.0"

[[package]]
category = "dev"
description = "Classes Without Boilerplate"
name = "attrs"
optional = false
python-versions = ">=2.7, !=3.0.*, !=3.1.*, !=3.2.*, !=3.3.*"
version = "19.3.0"

[[package]]
category = "main"
description = "Freely available tools for computational molecular biology."
name = "biopython"
optional = false
python-versions = "*"
version = "1.75"

[package.dependencies]
numpy = "*"

[[package]]
category = "dev"
description = "The uncompromising code formatter."
name = "black"
optional = false
python-versions = ">=3.6"
version = "18.9b0"

[package.dependencies]
appdirs = "*"
attrs = ">=17.4.0"
click = ">=6.5"
toml = ">=0.9.4"

[[package]]
category = "main"
description = "Extensible memoizing collections and decorators"
name = "cachetools"
optional = false
python-versions = "*"
version = "3.1.1"

[[package]]
category = "main"
description = "Python package for providing Mozilla's CA Bundle."
name = "certifi"
optional = false
python-versions = "*"
version = "2019.11.28"

[[package]]
category = "main"
description = "Universal encoding detector for Python 2 and 3"
name = "chardet"
optional = false
python-versions = "*"
version = "3.0.4"

[[package]]
category = "dev"
description = "Composable command line interface toolkit"
name = "click"
optional = false
python-versions = ">=2.7, !=3.0.*, !=3.1.*, !=3.2.*, !=3.3.*"
version = "7.0"

[[package]]
category = "main"
description = "Discover and load entry points from installed packages."
name = "entrypoints"
optional = false
python-versions = ">=2.7"
version = "0.3"

[[package]]
category = "main"
description = "the modular source code checker: pep8, pyflakes and co"
name = "flake8"
optional = false
python-versions = ">=2.7, !=3.0.*, !=3.1.*, !=3.2.*, !=3.3.*"
version = "3.7.9"

[package.dependencies]
entrypoints = ">=0.3.0,<0.4.0"
mccabe = ">=0.6.0,<0.7.0"
pycodestyle = ">=2.5.0,<2.6.0"
pyflakes = ">=2.1.0,<2.2.0"

[[package]]
category = "main"
description = "Python AST that abstracts the underlying Python version"
name = "gast"
optional = false
python-versions = ">=2.7, !=3.0.*, !=3.1.*, !=3.2.*, !=3.3.*"
version = "0.2.2"

[[package]]
category = "main"
description = "Google Authentication Library"
name = "google-auth"
optional = false
python-versions = ">=2.7,!=3.0.*,!=3.1.*,!=3.2.*,!=3.3.*"
version = "1.7.1"

[package.dependencies]
cachetools = ">=2.0.0,<3.2"
pyasn1-modules = ">=0.2.1"
rsa = ">=3.1.4,<4.1"
setuptools = ">=40.3.0"
six = ">=1.9.0"

[[package]]
category = "main"
description = "Google Authentication Library"
name = "google-auth-oauthlib"
optional = false
python-versions = "*"
version = "0.4.1"

[package.dependencies]
google-auth = "*"
requests-oauthlib = ">=0.7.0"

[[package]]
category = "main"
description = "pasta is an AST-based Python refactoring library"
name = "google-pasta"
optional = false
python-versions = "*"
version = "0.1.8"

[package.dependencies]
six = "*"

[[package]]
category = "main"
description = "HTTP/2-based RPC framework"
name = "grpcio"
optional = false
python-versions = "*"
version = "1.25.0"

[package.dependencies]
six = ">=1.5.2"

[[package]]
category = "main"
description = "Read and write HDF5 files from Python"
name = "h5py"
optional = false
python-versions = "*"
version = "2.10.0"

[package.dependencies]
numpy = ">=1.7"
six = "*"

[[package]]
category = "main"
description = "Internationalized Domain Names in Applications (IDNA)"
name = "idna"
optional = false
python-versions = ">=2.7, !=3.0.*, !=3.1.*, !=3.2.*, !=3.3.*"
version = "2.8"

[[package]]
category = "main"
description = "Lightweight pipelining: using Python functions as pipeline jobs."
name = "joblib"
optional = false
python-versions = "*"
version = "0.14.0"

[[package]]
category = "main"
description = "Deep Learning for humans"
name = "keras"
optional = false
python-versions = "*"
version = "2.3.1"

[package.dependencies]
h5py = "*"
keras-applications = ">=1.0.6"
keras-preprocessing = ">=1.0.5"
numpy = ">=1.9.1"
pyyaml = "*"
scipy = ">=0.14"
six = ">=1.9.0"

[[package]]
category = "main"
description = "Reference implementations of popular deep learning models"
name = "keras-applications"
optional = false
python-versions = "*"
version = "1.0.8"

[package.dependencies]
h5py = "*"
numpy = ">=1.9.1"

[[package]]
category = "main"
description = "Keras Deep Learning for Python, Community Contributions"
name = "keras-contrib"
optional = false
python-versions = "*"
version = "2.0.8"

[package.dependencies]
keras = "*"

[package.source]
reference = "382f6a2b7739064a1281c1cacdb792bb96436f27"
type = "git"
url = "https://github.com/keras-team/keras-contrib.git"
[[package]]
category = "main"
description = "Easy data preprocessing and data augmentation for deep learning models"
name = "keras-preprocessing"
optional = false
python-versions = "*"
version = "1.1.0"

[package.dependencies]
numpy = ">=1.9.1"
six = ">=1.9.0"

[[package]]
category = "main"
description = "Python implementation of Markdown."
name = "markdown"
optional = false
python-versions = ">=2.7,!=3.0.*,!=3.1.*,!=3.2.*,!=3.3.*,!=3.4.*"
version = "3.1.1"

[package.dependencies]
setuptools = ">=36"

[[package]]
category = "main"
description = "McCabe checker, plugin for flake8"
name = "mccabe"
optional = false
python-versions = "*"
version = "0.6.1"

[[package]]
category = "main"
description = "NumPy is the fundamental package for array computing with Python."
name = "numpy"
optional = false
python-versions = ">=3.5"
version = "1.17.4"

[[package]]
category = "main"
description = "A generic, spec-compliant, thorough implementation of the OAuth request-signing logic"
name = "oauthlib"
optional = false
python-versions = ">=2.7, !=3.0.*, !=3.1.*, !=3.2.*, !=3.3.*"
version = "3.1.0"

[[package]]
category = "main"
description = "Optimizing numpys einsum function"
name = "opt-einsum"
optional = false
python-versions = ">=3.5"
version = "3.1.0"

[package.dependencies]
numpy = ">=1.7"

[[package]]
category = "main"
description = "Powerful data structures for data analysis, time series, and statistics"
name = "pandas"
optional = false
python-versions = ">=3.5.3"
version = "0.25.3"

[package.dependencies]
numpy = ">=1.13.3"
python-dateutil = ">=2.6.1"
pytz = ">=2017.2"

[[package]]
category = "main"
description = "Protocol Buffers"
name = "protobuf"
optional = false
python-versions = "*"
version = "3.11.0"

[package.dependencies]
setuptools = "*"
six = ">=1.9"

[[package]]
category = "main"
description = "ASN.1 types and codecs"
name = "pyasn1"
optional = false
python-versions = "*"
version = "0.4.8"

[[package]]
category = "main"
description = "A collection of ASN.1-based protocols modules."
name = "pyasn1-modules"
optional = false
python-versions = "*"
version = "0.2.7"

[package.dependencies]
pyasn1 = ">=0.4.6,<0.5.0"

[[package]]
category = "main"
description = "Python style guide checker"
name = "pycodestyle"
optional = false
python-versions = ">=2.7, !=3.0.*, !=3.1.*, !=3.2.*, !=3.3.*"
version = "2.5.0"

[[package]]
category = "main"
description = "passive checker of Python programs"
name = "pyflakes"
optional = false
python-versions = ">=2.7, !=3.0.*, !=3.1.*, !=3.2.*, !=3.3.*"
version = "2.1.1"

[[package]]
category = "main"
description = "Extensions to the standard Python datetime module"
name = "python-dateutil"
optional = false
python-versions = "!=3.0.*,!=3.1.*,!=3.2.*,>=2.7"
version = "2.8.1"

[package.dependencies]
six = ">=1.5"

[[package]]
category = "main"
description = "World timezone definitions, modern and historical"
name = "pytz"
optional = false
python-versions = "*"
version = "2019.3"

[[package]]
category = "main"
description = "YAML parser and emitter for Python"
name = "pyyaml"
optional = false
python-versions = ">=2.7, !=3.0.*, !=3.1.*, !=3.2.*, !=3.3.*"
version = "5.1.2"

[[package]]
category = "main"
description = "Python HTTP for Humans."
name = "requests"
optional = false
python-versions = ">=2.7, !=3.0.*, !=3.1.*, !=3.2.*, !=3.3.*, !=3.4.*"
version = "2.22.0"

[package.dependencies]
certifi = ">=2017.4.17"
chardet = ">=3.0.2,<3.1.0"
idna = ">=2.5,<2.9"
urllib3 = ">=1.21.1,<1.25.0 || >1.25.0,<1.25.1 || >1.25.1,<1.26"

[[package]]
category = "main"
description = "OAuthlib authentication support for Requests."
name = "requests-oauthlib"
optional = false
python-versions = ">=2.7, !=3.0.*, !=3.1.*, !=3.2.*, !=3.3.*"
version = "1.3.0"

[package.dependencies]
oauthlib = ">=3.0.0"
requests = ">=2.0.0"

[[package]]
category = "main"
description = "Pure-Python RSA implementation"
name = "rsa"
optional = false
python-versions = "*"
version = "4.0"

[package.dependencies]
pyasn1 = ">=0.1.3"

[[package]]
category = "main"
description = "A set of python modules for machine learning and data mining"
name = "scikit-learn"
optional = false
python-versions = ">=3.5"
version = "0.21.3"

[package.dependencies]
joblib = ">=0.11"
numpy = ">=1.11.0"
scipy = ">=0.17.0"

[[package]]
category = "main"
description = "SciPy: Scientific Library for Python"
name = "scipy"
optional = false
python-versions = ">=3.5"
version = "1.3.3"

[package.dependencies]
numpy = ">=1.13.3"

[[package]]
category = "main"
description = "Python 2 and 3 compatibility utilities"
name = "six"
optional = false
python-versions = ">=2.6, !=3.0.*, !=3.1.*"
version = "1.13.0"

[[package]]
category = "main"
description = "TensorBoard lets you watch Tensors Flow"
name = "tb-nightly"
optional = false
python-versions = ">= 2.7, != 3.0.*, != 3.1.*"
version = "2.1.0a20191129"

[package.dependencies]
absl-py = ">=0.4"
google-auth = ">=1.6.3,<2"
google-auth-oauthlib = ">=0.4.1,<0.5"
grpcio = ">=1.24.3"
markdown = ">=2.6.8"
numpy = ">=1.12.0"
protobuf = ">=3.6.0"
requests = ">=2.21.0,<3"
setuptools = ">=41.0.0"
six = ">=1.10.0"
werkzeug = ">=0.11.15"

[package.dependencies.wheel]
python = ">=3"
version = ">=0.26"

[[package]]
category = "main"
description = "ANSII Color formatting for output in terminal."
name = "termcolor"
optional = false
python-versions = "*"
version = "1.1.0"

[[package]]
category = "main"
description = "TensorFlow Estimator."
name = "tf-estimator-nightly"
optional = false
python-versions = "*"
version = "2.0.0.dev2019112709"

[[package]]
category = "main"
description = "TensorFlow is an open source machine learning framework for everyone."
name = "tf-nightly"
optional = false
python-versions = "*"
version = "2.1.0.dev20191127"

[package.dependencies]
absl-py = ">=0.7.0"
astor = ">=0.6.0"
gast = "0.2.2"
google-pasta = ">=0.1.8"
grpcio = ">=1.8.6"
keras-applications = ">=1.0.8"
keras-preprocessing = ">=1.1.0"
numpy = ">=1.16.0,<2.0"
opt-einsum = ">=2.3.2"
protobuf = ">=3.8.0"
six = ">=1.12.0"
tb-nightly = ">=2.1.0a0,<2.2.0a0"
termcolor = ">=1.1.0"
tf-estimator-nightly = "*"
wrapt = ">=1.11.1"

[package.dependencies.wheel]
python = ">=3"
version = ">=0.26"

[[package]]
category = "main"
description = "TensorFlow Addons."
name = "tfa-nightly"
optional = false
python-versions = "*"
version = "0.7.0.dev20191127"

[package.dependencies]
six = ">=1.10.0"
tf-nightly = "*"

[[package]]
category = "dev"
description = "Python Library for Tom's Obvious, Minimal Language"
name = "toml"
optional = false
python-versions = "*"
version = "0.10.0"

[[package]]
category = "main"
description = "HTTP library with thread-safe connection pooling, file post, and more."
name = "urllib3"
optional = false
python-versions = ">=2.7, !=3.0.*, !=3.1.*, !=3.2.*, !=3.3.*, <4"
version = "1.25.7"

[[package]]
category = "main"
description = "The comprehensive WSGI web application library."
name = "werkzeug"
optional = false
python-versions = ">=2.7, !=3.0.*, !=3.1.*, !=3.2.*, !=3.3.*"
version = "0.16.0"

[[package]]
category = "main"
description = "A built-package format for Python."
marker = "python_version >= \"3\""
name = "wheel"
optional = false
python-versions = ">=2.7, !=3.0.*, !=3.1.*, !=3.2.*, !=3.3.*"
version = "0.33.6"

[[package]]
category = "main"
description = "Module for decorators, wrappers and monkey patching."
name = "wrapt"
optional = false
python-versions = "*"
version = "1.11.2"

[metadata]
content-hash = "3a07f3c14e75a2074b83c51b786c32ea69077b2623b298ef4ec3b7accbfe83ca"
python-versions = "^3.7"

[metadata.hashes]
absl-py = ["d9129186431e150d7fe455f1cb1ecbb92bb5dba9da9bc3ef7b012d98c4db2526"]
appdirs = ["9e5896d1372858f8dd3344faf4e5014d21849c756c8d5701f78f8a103b372d92", "d8b24664561d0d34ddfaec54636d502d7cea6e29c3eaf68f3df6180863e2166e"]
astor = ["0e41295809baf43ae8303350e031aff81ae52189b6f881f36d623fa8b2f1960e", "37a6eed8b371f1228db08234ed7f6cfdc7817a3ed3824797e20cbb11dc2a7862"]
attrs = ["08a96c641c3a74e44eb59afb61a24f2cb9f4d7188748e76ba4bb5edfa3cb7d1c", "f7b7ce16570fe9965acd6d30101a28f62fb4a7f9e926b3bbc9b61f8b04247e72"]
biopython = ["004ff16d5303dae2c99b83afc3c31457cdba3b35d795c70665eca1dd5cd27758", "036d9cde523edaf72c8e2b207c0ce80ef45d57eedd4297fa19e36b9ef49527b9", "055d95a566aa61d59abe62e987a119a3f687e247ef6ff55097d1571a505e6126", "076b24b0da176f07f15b1f23894f6f486350f3cb757a793c2932346dc0bef712", "1a32a009fac153a319eac7736b9072f17de88d44160c41c32f252a2154f469f7", "2654c854f47c0cd309581504c82df35df1901658366225e11b8536f5324dfc16", "2cd9e6bfcf1f758a4e1fa727cac5a9e0a2d9d007bb74423c7fda4c402cb46965", "42ff0a69e5cf1f79a1179d0ff66c32c71de34d34bd1ecc438c5a82543e759173", "5060e4ef29c2bc214749733634051be5b8d11686c6590fa155c3443dcaa89906", "5d61aca91a4e88ee8cbc0f896f951d5799c23987c2470768354198b9ab98a9f8", "5e30f4fa8aafd8000eca300c0a1a8f5266bb21dd066a4481824741888a705df9", "62f25b04ca283bd28aa06328353279a909cbb8899d62d483776e28f83c52058a", "6dd5d66082f5d6844ddb6be91475f61b1b959f34bb6e399e47c0c7adeaa18d25", "8c3f28921aa7dde0b0a81b6fbdca56aaf99e535d3589ae3257f042d6b657564a", "9476393b148a418aeed19330d541fbb1921d248ab10e62dc1c6c5d3a3d13c719", "98fc563aacf20a43a5476bf243a6ea6ccaf5781cb5d8d91a8a5a7c0503410574", "a0cd7f1eb199b203f92e51b05f232d0b215e3918faabd0dcd07de590e5cbff53", "a260e5cc7b14362f8b18ab4a97293617f9fa95881fb95e0e9b7bd24cf23ca55a", "ad24b02020ae69ee0e59ade3509af83eb119bdc3a84d7b7695477096994d7cc7", "c017b8796be410610f7cc3ded4bce5415634797f61224f9b693a93d8ebe34edb", "c2488d8567847ac5ee3577b22f1d08f3a53aeb6f76f17520604f92f6064e6c64", "c29b2c268574d90bdfa1e5d3c1c9b52083350a08a3ce6e7907676a1ac873aac9", "ddd1aca6aab4dc665933e949c43356b550c54a76629e1a1399d4a4459fac774a", "f0a578282167d62f426b5b695f18c00069074aaad4704799e6071832a9bfad86", "f2d4cfc9683b3ed1c407fc7278e9a95c72fc6713ec795c4a521e58e93b7e6d5b", "faa3d95809e1a98011f58ab6bc32d04cf5b7e780cdd89529445c49130649323b"]
black = ["817243426042db1d36617910df579a54f1afd659adb96fc5032fcf4b36209739", "e030a9a28f542debc08acceb273f228ac422798e5215ba2a791a6ddeaaca22a5"]
cachetools = ["428266a1c0d36dc5aca63a2d7c5942e88c2c898d72139fca0e97fdd2380517ae", "8ea2d3ce97850f31e4a08b0e2b5e6c34997d7216a9d2c98e0f3978630d4da69a"]
certifi = ["017c25db2a153ce562900032d5bc68e9f191e44e9a0f762f373977de9df1fbb3", "25b64c7da4cd7479594d035c08c2d809eb4aab3a26e5a990ea98cc450c320f1f"]
chardet = ["84ab92ed1c4d4f16916e05906b6b75a6c0fb5db821cc65e70cbd64a3e2a5eaae", "fc323ffcaeaed0e0a02bf4d117757b98aed530d9ed4531e3e15460124c106691"]
click = ["2335065e6395b9e67ca716de5f7526736bfa6ceead690adf616d925bdc622b13", "5b94b49521f6456670fdb30cd82a4eca9412788a93fa6dd6df72c94d5a8ff2d7"]
entrypoints = ["589f874b313739ad35be6e0cd7efde2a4e9b6fea91edcc34e58ecbb8dbe56d19", "c70dd71abe5a8c85e55e12c19bd91ccfeec11a6e99044204511f9ed547d48451"]
flake8 = ["45681a117ecc81e870cbf1262835ae4af5e7a8b08e40b944a8a6e6b895914cfb", "49356e766643ad15072a789a20915d3c91dc89fd313ccd71802303fd67e4deca"]
gast = ["fe939df4583692f0512161ec1c880e0a10e71e6a232da045ab8edd3756fbadf0"]
google-auth = ["84105be98837fb8436e9d0bcb7a279fd85fa1d97bb35a077e70ba2fb95bcc983", "baf1b3f8b29a5f96f66753ad848473699322b63f4d68964e510554b12d002443"]
google-auth-oauthlib = ["88d2cd115e3391eb85e1243ac6902e76e77c5fe438b7276b297fbe68015458dd", "a92a0f6f41a0fb6138454fbc02674e64f89d82a244ea32f98471733c8ef0e0e1"]
google-pasta = ["41bbe63bab92408452585ff2e1673ec1e35b88e163371cbed2a18510be4e8bc5", "644dcf3784cf7147ab01de5dc22e60a638d219d4e4a3a7464eb98997ae2fe66f", "713813a9f7d6589e5defdaf21e80e4392eb124662f8bd829acd51a4f8735c0cb"]
grpcio = ["0419ae5a45f49c7c40d9ae77ae4de9442431b7822851dfbbe56ee0eacb5e5654", "1e8631eeee0fb0b4230aeb135e4890035f6ef9159c2a3555fa184468e325691a", "24db2fa5438f3815a4edb7a189035051760ca6aa2b0b70a6a948b28bfc63c76b", "2adb1cdb7d33e91069517b41249622710a94a1faece1fed31cd36904e4201cde", "2cd51f35692b551aeb1fdeb7a256c7c558f6d78fcddff00640942d42f7aeba5f", "3247834d24964589f8c2b121b40cd61319b3c2e8d744a6a82008643ef8a378b1", "3433cb848b4209717722b62392e575a77a52a34d67c6730138102abc0a441685", "39671b7ff77a962bd745746d9d2292c8ed227c5748f16598d16d8631d17dd7e5", "40a0b8b2e6f6dd630f8b267eede2f40a848963d0f3c40b1b1f453a4a870f679e", "40f9a74c7aa210b3e76eb1c9d56aa8d08722b73426a77626967019df9bbac287", "423f76aa504c84cb94594fb88b8a24027c887f1c488cf58f2173f22f4fbd046c", "43bd04cec72281a96eb361e1b0232f0f542b46da50bcfe72ef7e5a1b41d00cb3", "43e38762635c09e24885d15e3a8e374b72d105d4178ee2cc9491855a8da9c380", "4413b11c2385180d7de03add6c8845dd66692b148d36e27ec8c9ef537b2553a1", "4450352a87094fd58daf468b04c65a9fa19ad11a0ac8ac7b7ff17d46f873cbc1", "49ffda04a6e44de028b3b786278ac9a70043e7905c3eea29eed88b6524d53a29", "4a38c4dde4c9120deef43aaabaa44f19186c98659ce554c29788c4071ab2f0a4", "50b1febdfd21e2144b56a9aa226829e93a79c354ef22a4e5b013d9965e1ec0ed", "559b1a3a8be7395ded2943ea6c2135d096f8cc7039d6d12127110b6496f251fe", "5de86c182667ec68cf84019aa0d8ceccf01d352cdca19bf9e373725204bdbf50", "5fc069bb481fe3fad0ba24d3baaf69e22dfa6cc1b63290e6dfeaf4ac1e996fb7", "6a19d654da49516296515d6f65de4bbcbd734bc57913b21a610cfc45e6df3ff1", "7535b3e52f498270e7877dde1c8944d6b7720e93e2e66b89c82a11447b5818f5", "7c4e495bcabc308198b8962e60ca12f53b27eb8f03a21ac1d2d711d6dd9ecfca", "8a8fc4a0220367cb8370cedac02272d574079ccc32bffbb34d53aaf9e38b5060", "8b008515e067232838daca020d1af628bf6520c8cc338bf383284efe6d8bd083", "8d1684258e1385e459418f3429e107eec5fb3d75e1f5a8c52e5946b3f329d6ea", "8eb5d54b87fb561dc2e00a5c5226c33ffe8dbc13f2e4033a412bafb7b37b194d", "94cdef0c61bd014bb7af495e21a1c3a369dd0399c3cd1965b1502043f5c88d94", "9d9f3be69c7a5e84c3549a8c4403fa9ac7672da456863d21e390b2bbf45ccad1", "9fb6fb5975a448169756da2d124a1beb38c0924ff6c0306d883b6848a9980f38", "a5eaae8700b87144d7dfb475aa4675e500ff707292caba3deff41609ddc5b845", "aaeac2d552772b76d24eaff67a5d2325bc5205c74c0d4f9fbe71685d4a971db2", "bb611e447559b3b5665e12a7da5160c0de6876097f62bf1d23ba66911564868e", "bc0d41f4eb07da8b8d3ea85e50b62f6491ab313834db86ae2345be07536a4e5a", "bf51051c129b847d1bb63a9b0826346b5f52fb821b15fe5e0d5ef86f268510f5", "c948c034d8997526011960db54f512756fb0b4be1b81140a15b4ef094c6594a4", "d435a01334157c3b126b4ee5141401d44bdc8440993b18b05e2f267a6647f92d", "d46c1f95672b73288e08cdca181e14e84c6229b5879561b7b8cfd48374e09287", "d5d58309b42064228b16b0311ff715d6c6e20230e81b35e8d0c8cfa1bbdecad8", "dc6e2e91365a1dd6314d615d80291159c7981928b88a4c65654e3fefac83a836", "e0dfb5f7a39029a6cbec23affa923b22a2c02207960fd66f109e01d6f632c1eb", "eb4bf58d381b1373bd21d50837a53953d625d1693f1b58fed12743c75d3dd321", "ebb211a85248dbc396b29320273c1ffde484b898852432613e8df0164c091006", "ec759ece4786ae993a5b7dc3b3dead6e9375d89a6c65dfd6860076d2eb2abe7b", "f55108397a8fa164268238c3e69cc134e945d1f693572a2f05a028b8d0d2b837", "f6c706866d424ff285b85a02de7bbe5ed0ace227766b2c42cbe12f3d9ea5a8aa", "f8370ad332b36fbad117440faf0dd4b910e80b9c49db5648afd337abdde9a1b6"]
h5py = ["063947eaed5f271679ed4ffa36bb96f57bc14f44dd4336a827d9a02702e6ce6b", "13c87efa24768a5e24e360a40e0bc4c49bcb7ce1bb13a3a7f9902cec302ccd36", "16ead3c57141101e3296ebeed79c9c143c32bdd0e82a61a2fc67e8e6d493e9d1", "3dad1730b6470fad853ef56d755d06bb916ee68a3d8272b3bab0c1ddf83bb99e", "51ae56894c6c93159086ffa2c94b5b3388c0400548ab26555c143e7cfa05b8e5", "54817b696e87eb9e403e42643305f142cd8b940fe9b3b490bbf98c3b8a894cf4", "549ad124df27c056b2e255ea1c44d30fb7a17d17676d03096ad5cd85edb32dc1", "6998be619c695910cb0effe5eb15d3a511d3d1a5d217d4bd0bebad1151ec2262", "6ef7ab1089e3ef53ca099038f3c0a94d03e3560e6aff0e9d6c64c55fb13fc681", "769e141512b54dee14ec76ed354fcacfc7d97fea5a7646b709f7400cf1838630", "79b23f47c6524d61f899254f5cd5e486e19868f1823298bc0c29d345c2447172", "7be5754a159236e95bd196419485343e2b5875e806fe68919e087b6351f40a70", "84412798925dc870ffd7107f045d7659e60f5d46d1c70c700375248bf6bf512d", "86868dc07b9cc8cb7627372a2e6636cdc7a53b7e2854ad020c9e9d8a4d3fd0f5", "8bb1d2de101f39743f91512a9750fb6c351c032e5cd3204b4487383e34da7f75", "a5f82cd4938ff8761d9760af3274acf55afc3c91c649c50ab18fcff5510a14a5", "aac4b57097ac29089f179bbc2a6e14102dd210618e94d77ee4831c65f82f17c0", "bffbc48331b4a801d2f4b7dac8a72609f0b10e6e516e5c480a3e3241e091c878", "c0d4b04bbf96c47b6d360cd06939e72def512b20a18a8547fa4af810258355d5", "c54a2c0dd4957776ace7f95879d81582298c5daf89e77fb8bee7378f132951de", "cbf28ae4b5af0f05aa6e7551cee304f1d317dbed1eb7ac1d827cee2f1ef97a99", "d3c59549f90a891691991c17f8e58c8544060fdf3ccdea267100fa5f561ff62f", "d7ae7a0576b06cb8e8a1c265a8bc4b73d05fdee6429bffc9a26a6eb531e79d72", "ecf4d0b56ee394a0984de15bceeb97cbe1fe485f1ac205121293fc44dcf3f31f", "f0e25bb91e7a02efccb50aba6591d3fe2c725479e34769802fcdd4076abfa917", "f23951a53d18398ef1344c186fb04b26163ca6ce449ebd23404b153fd111ded9", "ff7d241f866b718e4584fa95f520cb19405220c501bd3a53ee11871ba5166ea2"]
idna = ["c357b3f628cf53ae2c4c05627ecc484553142ca23264e593d327bcde5e9c3407", "ea8b7f6188e6fa117537c3df7da9fc686d485087abf6ac197f9c46432f7e4a3c"]
joblib = ["006108c7576b3eb6c5b27761ddbf188eb6e6347696325ab2027ea1ee9a4b922d", "6fcc57aacb4e89451fd449e9412687c51817c3f48662c3d8f38ba3f8a0a193ff"]
keras = ["321d43772006a25a1d58eea17401ef2a34d388b588c9f7646c34796151ebc8cc", "d08a57bd63546175f8f19232ba05906514d419da3e0af8ef7437fa1c11442e20"]
keras-applications = ["5579f9a12bcde9748f4a12233925a59b93b73ae6947409ff34aa2ba258189fe5", "df4323692b8c1174af821bf906f1e442e63fa7589bf0f1230a0b6bdc5a810c95"]
keras-contrib = []
keras-preprocessing = ["44aee5f2c4d80c3b29f208359fcb336df80f293a0bb6b1c738da43ca206656fb", "5a8debe01d840de93d49e05ccf1c9b81ae30e210d34dacbcc47aeb3049b528e5"]
markdown = ["2e50876bcdd74517e7b71f3e7a76102050edec255b3983403f1a63e7c8a41e7a", "56a46ac655704b91e5b7e6326ce43d5ef72411376588afa1dd90e881b83c7e8c"]
mccabe = ["ab8a6258860da4b6677da4bd2fe5dc2c659cff31b3ee4f7f5d64e79735b80d42", "dd8d182285a0fe56bace7f45b5e7d1a6ebcbf524e8f3bd87eb0f125271b8831f"]
numpy = ["0a7a1dd123aecc9f0076934288ceed7fd9a81ba3919f11a855a7887cbe82a02f", "0c0763787133dfeec19904c22c7e358b231c87ba3206b211652f8cbe1241deb6", "3d52298d0be333583739f1aec9026f3b09fdfe3ddf7c7028cb16d9d2af1cca7e", "43bb4b70585f1c2d153e45323a886839f98af8bfa810f7014b20be714c37c447", "475963c5b9e116c38ad7347e154e5651d05a2286d86455671f5b1eebba5feb76", "64874913367f18eb3013b16123c9fed113962e75d809fca5b78ebfbb73ed93ba", "683828e50c339fc9e68720396f2de14253992c495fdddef77a1e17de55f1decc", "6ca4000c4a6f95a78c33c7dadbb9495c10880be9c89316aa536eac359ab820ae", "75fd817b7061f6378e4659dd792c84c0b60533e867f83e0d1e52d5d8e53df88c", "7d81d784bdbed30137aca242ab307f3e65c8d93f4c7b7d8f322110b2e90177f9", "8d0af8d3664f142414fd5b15cabfd3b6cc3ef242a3c7a7493257025be5a6955f", "9679831005fb16c6df3dd35d17aa31dc0d4d7573d84f0b44cc481490a65c7725", "a8f67ebfae9f575d85fa859b54d3bdecaeece74e3274b0b5c5f804d7ca789fe1", "acbf5c52db4adb366c064d0b7c7899e3e778d89db585feadd23b06b587d64761", "ada4805ed51f5bcaa3a06d3dd94939351869c095e30a2b54264f5a5004b52170", "c7354e8f0eca5c110b7e978034cd86ed98a7a5ffcf69ca97535445a595e07b8e", "e2e9d8c87120ba2c591f60e32736b82b67f72c37ba88a4c23c81b5b8fa49c018", "e467c57121fe1b78a8f68dd9255fbb3bb3f4f7547c6b9e109f31d14569f490c3", "ede47b98de79565fcd7f2decb475e2dcc85ee4097743e551fe26cfc7eb3ff143", "f58913e9227400f1395c7b800503ebfdb0772f1c33ff8cb4d6451c06cabdf316", "fe39f5fd4103ec4ca3cb8600b19216cd1ff316b4990f4c0b6057ad982c0a34d5"]
oauthlib = ["bee41cc35fcca6e988463cacc3bcb8a96224f470ca547e697b604cc697b2f889", "df884cd6cbe20e32633f1db1072e9356f53638e4361bef4e8b03c9127c9328ea"]
opt-einsum = ["edfada4b1d0b3b782ace8bc14e80618ff629abf53143e1e6bbf9bd00b11ece77"]
pandas = ["00dff3a8e337f5ed7ad295d98a31821d3d0fe7792da82d78d7fd79b89c03ea9d", "22361b1597c8c2ffd697aa9bf85423afa9e1fcfa6b1ea821054a244d5f24d75e", "255920e63850dc512ce356233081098554d641ba99c3767dde9e9f35630f994b", "26382aab9c119735908d94d2c5c08020a4a0a82969b7e5eefb92f902b3b30ad7", "33970f4cacdd9a0ddb8f21e151bfb9f178afb7c36eb7c25b9094c02876f385c2", "4545467a637e0e1393f7d05d61dace89689ad6d6f66f267f86fff737b702cce9", "52da74df8a9c9a103af0a72c9d5fdc8e0183a90884278db7f386b5692a2220a4", "61741f5aeb252f39c3031d11405305b6d10ce663c53bc3112705d7ad66c013d0", "6a3ac2c87e4e32a969921d1428525f09462770c349147aa8e9ab95f88c71ec71", "7458c48e3d15b8aaa7d575be60e1e4dd70348efcd9376656b72fecd55c59a4c3", "78bf638993219311377ce9836b3dc05f627a666d0dbc8cec37c0ff3c9ada673b", "8153705d6545fd9eb6dd2bc79301bff08825d2e2f716d5dced48daafc2d0b81f", "975c461accd14e89d71772e89108a050fa824c0b87a67d34cedf245f6681fc17", "9962957a27bfb70ab64103d0a7b42fa59c642fb4ed4cb75d0227b7bb9228535d", "adc3d3a3f9e59a38d923e90e20c4922fc62d1e5a03d083440468c6d8f3f1ae0a", "bbe3eb765a0b1e578833d243e2814b60c825b7fdbf4cdfe8e8aae8a08ed56ecf", "df8864824b1fe488cf778c3650ee59c3a0d8f42e53707de167ba6b4f7d35f133", "e45055c30a608076e31a9fcd780a956ed3b1fa20db61561b8d88b79259f526f7", "ee50c2142cdcf41995655d499a157d0a812fce55c97d9aad13bc1eef837ed36c"]
protobuf = ["0ba5d7626dbc4ce78971c3e62ec37f84c8139ea7008c008660d3312cf11e0db8", "189b706f72e8b7ddc965168a79ff296ca5b7bdd95b5b05208afb9818a681c712", "340965444aafc7aac7e3586e930f5b3f8347ca9b350afab60bac84dcc0b94437", "44fbc7b1786ab975ec9eba9da765398d58ec705d1c8e856b0523b8f9c1c53cf7", "48d96b559fab3063feaebd316352e3418424629d59b77dbcb96ecc4c594d7f5f", "5e32923c7896c49b1d3a327fe25a76363d200acdfa97844f5647f1bf9f298da8", "6662442fbf22796dbd942bb15b664d70dcc25ae28d371b7e4ca6261e9bc495b7", "6bb5d999faceee281bc4a2fc77866c61af7be4b7e5efadc930c42f234a99cafd", "74b35dbd0535584851ad804acae64d3b96d4a453c78c1d8d9f853fa0a99ec3ad", "83b38b7b61b7c60af0fa03a71c27c4232117453a62ccf69a511284793a400751", "90c22f4fd4e01279efc4e4911dafe308f35fcc4310bcb89bcee4d3ca20210d20", "97b08853b9bb71512ed52381f05cf2d4179f4234825b505d8f8d2bb9d9429939", "aef47082114428b47db73876ecb7751802548830ce5c95dba7ebe24d5e196d7c", "b89ed3ba88ea5ec8b2c704a5ae747c9038ee1faff277fcddac75f850e645f7e1", "be5afc2e1f5c320bd4a38e73d8b02c67d72dbee370a004732c923c7c8a472f72", "d1c18853c7ad3c8e34edfafc6488fc24f4221c15b516c14796032cc53f8cde94", "f4370d0e3d6e1ac2f80911651691ac540901f661b372036ea72637546ba98202"]
pyasn1 = ["014c0e9976956a08139dc0712ae195324a75e142284d5f87f1a87ee1b068a359", "03840c999ba71680a131cfaee6fab142e1ed9bbd9c693e285cc6aca0d555e576", "0458773cfe65b153891ac249bcf1b5f8f320b7c2ce462151f8fa74de8934becf", "08c3c53b75eaa48d71cf8c710312316392ed40899cb34710d092e96745a358b7", "39c7e2ec30515947ff4e87fb6f456dfc6e84857d34be479c9d4a4ba4bf46aa5d", "5c9414dcfede6e441f7e8f81b43b34e834731003427e5b09e4e00e3172a10f00", "6e7545f1a61025a4e58bb336952c5061697da694db1cae97b116e9c46abcf7c8", "78fa6da68ed2727915c4767bb386ab32cdba863caa7dbe473eaae45f9959da86", "7ab8a544af125fb704feadb008c99a88805126fb525280b2270bb25cc1d78a12", "99fcc3c8d804d1bc6d9a099921e39d827026409a58f2a720dcdb89374ea0c776", "aef77c9fb94a3ac588e87841208bdec464471d9871bd5050a287cc9a475cd0ba", "e89bf84b5437b532b0803ba5c9a5e054d21fec423a89952a74f87fa2c9b7bce2", "fec3e9d8e36808a28efb59b489e4528c10ad0f480e57dcc32b4de5c9d8c9fdf3"]
pyasn1-modules = ["0c35a52e00b672f832e5846826f1fb7507907f7d52fba6faa9e3c4cbe874fe4b", "13a6955947d8a554de78fc305a4d651f20fb5580b88612a5f0661d4f189d27ac", "233f55c840e821e76828262db976ac894b285909d22d060c2bdb522e7bf28cc6", "24d54188cb7abd750e0a2cba61b7b46a75608175a0c3c1b1eee08322915d8d21", "27581362b4253b9c999882a64df974124cde12be0bf2c04148a0d68bc6bbb7b8", "33c220a2701032261a23eea6e9881404ac6fc7ff96f183b5353fea8fc8962547", "64f6aecf26e93f6a3ba3725b4eb9f532551747d7a63ca9ff43aef12f4bf11eac", "7b4edf07ca2f759d7cf693184be09f22e067c2eb52b03c770d0a2e9de1c67dfd", "9b972f81f59d896cebb9ebb1d44296f1acb28bf7869443c37551f4eed8d74f83", "9ca5e376a6d9dee35bb3a62608dfa2e6698798aa6b8db3c7afd0eb31af0d63c7", "b6ada4f840fe51abf5a6bd545b45bf537bea62221fa0dde2e8a553ed9f06a4e3", "c14b107a67ee36a7f183ae9f4803ffde4a03b67f3192eab0a62e851af71371d3", "eaf35047a0b068e3e0c2a99618b13b65c98c329661daa78c9d44a4ef0fe8139e"]
pycodestyle = ["95a2219d12372f05704562a14ec30bc76b05a5b297b21a5dfe3f6fac3491ae56", "e40a936c9a450ad81df37f549d676d127b1b66000a6c500caa2b085bc0ca976c"]
pyflakes = ["17dbeb2e3f4d772725c777fabc446d5634d1038f234e77343108ce445ea69ce0", "d976835886f8c5b31d47970ed689944a0262b5f3afa00a5a7b4dc81e5449f8a2"]
python-dateutil = ["73ebfe9dbf22e832286dafa60473e4cd239f8592f699aa5adaf10050e6e1823c", "75bb3f31ea686f1197762692a9ee6a7550b59fc6ca3a1f4b5d7e32fb98e2da2a"]
pytz = ["1c557d7d0e871de1f5ccd5833f60fb2550652da6be2693c1e02300743d21500d", "b02c06db6cf09c12dd25137e563b31700d3b80fcc4ad23abb7a315f2789819be"]
pyyaml = ["0113bc0ec2ad727182326b61326afa3d1d8280ae1122493553fd6f4397f33df9", "01adf0b6c6f61bd11af6e10ca52b7d4057dd0be0343eb9283c878cf3af56aee4", "5124373960b0b3f4aa7df1707e63e9f109b5263eca5976c66e08b1c552d4eaf8", "5ca4f10adbddae56d824b2c09668e91219bb178a1eee1faa56af6f99f11bf696", "7907be34ffa3c5a32b60b95f4d95ea25361c951383a894fec31be7252b2b6f34", "7ec9b2a4ed5cad025c2278a1e6a19c011c80a3caaac804fd2d329e9cc2c287c9", "87ae4c829bb25b9fe99cf71fbb2140c448f534e24c998cc60f39ae4f94396a73", "9de9919becc9cc2ff03637872a440195ac4241c80536632fffeb6a1e25a74299", "a5a85b10e450c66b49f98846937e8cfca1db3127a9d5d1e31ca45c3d0bef4c5b", "b0997827b4f6a7c286c01c5f60384d218dca4ed7d9efa945c3e1aa623d5709ae", "b631ef96d3222e62861443cc89d6563ba3eeb816eeb96b2629345ab795e53681", "bf47c0607522fdbca6c9e817a6e81b08491de50f3766a7a0e6a5be7905961b41", "f81025eddd0327c7d4cfe9b62cf33190e1e736cc6e97502b3ec425f574b3e7a8"]
requests = ["11e007a8a2aa0323f5a921e9e6a2d7e4e67d9877e85773fba9ba6419025cbeb4", "9cf5292fcd0f598c671cfc1e0d7d1a7f13bb8085e9a590f48c010551dc6c4b31"]
requests-oauthlib = ["7f71572defaecd16372f9006f33c2ec8c077c3cfa6f5911a9a90202beb513f3d", "b4261601a71fd721a8bd6d7aa1cc1d6a8a93b4a9f5e96626f8e4d91e8beeaa6a", "fa6c47b933f01060936d87ae9327fead68768b69c6c9ea2109c48be30f2d4dbc"]
rsa = ["14ba45700ff1ec9eeb206a2ce76b32814958a98e372006c8fb76ba820211be66", "1a836406405730121ae9823e19c6e806c62bbad73f890574fff50efa4122c487"]
scikit-learn = ["1ac81293d261747c25ea5a0ee8cd2bb1f3b5ba9ec05421a7f9f0feb4eb7c4116", "289361cf003d90b007f5066b27fcddc2d71324c82f1c88e316fedacb0dfdd516", "3a14d0abd4281fc3fd2149c486c3ec7cedad848b8d5f7b6f61522029d65a29f8", "5083a5e50d9d54548e4ada829598ae63a05651dd2bb319f821ffd9e8388384a6", "777cdd5c077b7ca9cb381396c81990cf41d2fa8350760d3cad3b4c460a7db644", "8bf2ff63da820d09b96b18e88f9625228457bff8df4618f6b087e12442ef9e15", "8d319b71c449627d178f21c57614e21747e54bb3fc9602b6f42906c3931aa320", "928050b65781fea9542dfe9bfe02d8c4f5530baa8472ec60782ea77347d2c836", "92c903613ff50e22aa95d589f9fff5deb6f34e79f7f21f609680087f137bb524", "ae322235def5ce8fae645b439e332e6f25d34bb90d6a6c8e261f17eb476457b7", "c1cd6b29eb1fd1cc672ac5e4a8be5f6ea936d094a3dc659ada0746d6fac750b1", "c41a6e2685d06bcdb0d26533af2540f54884d40db7e48baed6a5bcbf1a7cc642", "d07fcb0c0acbc043faa0e7cf4d2037f71193de3fb04fb8ed5c259b089af1cf5c", "d146d5443cda0a41f74276e42faf8c7f283fef49e8a853b832885239ef544e05", "eb2b7bed0a26ba5ce3700e15938b28a4f4513578d3e54a2156c29df19ac5fd01", "eb9b8ebf59eddd8b96366428238ab27d05a19e89c5516ce294abc35cea75d003"]
scipy = ["0b8c9dc042b9a47912b18b036b4844029384a5b8d89b64a4901ac3e06876e5f6", "18ad034be955df046b5a27924cdb3db0e8e1d76aaa22c635403fe7aee17f1482", "225d0b5e140bb66df23d438c7b535303ce8e533f94454f4e5bde5f8d109103ea", "2f690ba68ed7caa7c30b6dc48c1deed22c78f3840fa4736083ef4f2bd8baa19e", "4b8746f4a755bdb2eeb39d6e253a60481e165cfd74fdfb54d27394bd2c9ec8ac", "4ba2ce1a58fe117e993cf316a149cf9926c7c5000c0cdc4bc7c56ae8325612f6", "546f0dc020b155b8711159d53c87b36591d31f3327c47974a4fb6b50d91589c2", "583f2ccd6a112656c9feb2345761d2b19e9213a094cfced4e7d2c1cae4173272", "64bf4e8ae0db2d42b58477817f648d81e77f0b381d0ea4427385bba3f959380a", "7be424ee09bed7ced36c9457f99c826ce199fd0c0f5b272cf3d098ff7b29e3ae", "869465c7ff89fc0a1e2ea1642b0c65f1b3c05030f3a4c0d53d6a57b2dba7c242", "884e619821f47eccd42979488d10fa1e15dbe9f3b7660b1c8c928d203bd3c1a3", "a42b0d02150ef4747e225c31c976a304de5dc8202ec35a27111b7bb8176e5f13", "a70308bb065562afb936c963780deab359966d71ab4f230368b154dde3136ea4", "b01ea5e4cf95a93dc335089f8fbe97852f56fdb74afff238cbdf09793103b6b7", "b7b8cf45f9a48f23084f19deb9384a1cccb5e92fbc879b12f97dc4d56fb2eb92", "bb0899d3f8b9fe8ef95b79210cf0deb6709542889fadaa438eeb3a28001e09e7", "c008f1b58f99f1d1cc546957b3effe448365e0a217df1f1894e358906e91edad", "cfee99d085d562a7e3c4afe51ac1fe9b434363489e565a130459307f30077973", "dfcb0f0a2d8e958611e0b56536285bb435f03746b6feac0e29f045f7c6caf164", "f5d47351aeb1cb6bda14a8908e56648926a6b2d714f89717c71f7ada41282141"]
six = ["1f1b7d42e254082a9db6279deae68afb421ceba6158efa6131de7b3003ee93fd", "30f610279e8b2578cab6db20741130331735c781b56053c59c4076da27f06b66"]
tb-nightly = ["136686c6fa63b4777731df30fe52c9b99da82b8c1ba896a50d49e2421cc1514c", "877f2ed8c00ba3d35da27a3a824c14bef48e2ad82ad65bdd8b4d3c3eb251b029"]
termcolor = ["1d6d69ce66211143803fbc56652b41d73b4a400a2891d7bf7a1cdf4c02de613b"]
tf-estimator-nightly = ["ea6fa39bccce4b2929d521056d69fb9d9547a22696ae382c7f571f131cde4ee5"]
tf-nightly = ["0b59b36b22b3af85fcb6c57182b445e6c9555044338cd980b54a807b00467093", "0ce6d80922ab54baf0bb1db7409a9ec9498ce16de07c097a18c5c43f3dc84ba8", "4c26a1d4ceaf0b494afa472cf0b0132d197fc8ad73b5e223f72f4435d840f661", "4c2ce3b56e8c03d91b68e01a99de267f9b41c3093449edcc480518d626a7097b", "6a15c9bdc993ac3ab35c1de3234ab672e2f738b72bc3bb0345e82ebce07ef3fc", "74273efc6e47968575aaacb73a6baafc0e579de88992152297b6ad026484c2b4", "8237f615958eb0954a5b1f6737cb93ea095914407fc5bd774446507a4536d097", "84f2ff15be18e1135e679147dcec7006540d902ff13ce2e6cc1fc7f683b6ffe7", "c0a6933b0643e81df7a00b60441a105c55781ac0c4455fce2ba210fb02ddd542", "d5e2441e50503b889ee2126c39e66b2de209d290111c0d596fba52d216b7572b", "dbe12a9f24d683cac79de2fd69efcd4900cdf7aaceb6813e9670487b7d35ea7d"]
tfa-nightly = ["0cdb47fc03adc014df1e628f9e083bc301294559114901bb62aab67cc941682f", "13fc6d9964d96283058c0d91310feaf9744c3d4854edf81630d84cb63f92f37d", "4c8754b7fcf52395fd2e2e5c8c01434a946284e3f1c3788028b93cf293323e43", "64e3e2431b35cead41784463b8ed8d6465ecbfae9a33a2f273e2720ce10aa832", "90a280c024975dad60e63e0f2171908dc2de81825d4bea76fbacb58e0e7eb8af", "a257b240573459938675964c88e13ef3ff09cb45f6090ae18ea07af20db77d6c", "a79b02f659d0d5a53f11afd0b13b24f8206315b43b990717d913a1c9b4fd9690", "ac94cf27cbddfb8a1c989c551125e2dc1363150bc68fea0d19e9afb04d50867e"]
toml = ["229f81c57791a41d65e399fc06bf0848bab550a9dfd5ed66df18ce5f05e73d5c", "235682dd292d5899d361a811df37e04a8828a5b1da3115886b73cf81ebc9100e", "f1db651f9657708513243e61e6cc67d101a39bad662eaa9b5546f789338e07a3"]
urllib3 = ["a8a318824cc77d1fd4b2bec2ded92646630d7fe8619497b142c84a9e6f5a7293", "f3c5fd51747d450d4dcf6f923c81f78f811aab8205fda64b0aba34a4e48b0745"]
werkzeug = ["7280924747b5733b246fe23972186c6b348f9ae29724135a6dfc1e53cea433e7", "e5f4a1f98b52b18a93da705a7458e55afb26f32bff83ff5d19189f92462d65c4"]
wheel = ["10c9da68765315ed98850f8e048347c3eb06dd81822dc2ab1d4fde9dc9702646", "f4da1763d3becf2e2cd92a14a7c920f0f00eca30fdde9ea992c836685b9faf28"]
wrapt = ["565a021fd19419476b9362b05eeaa094178de64f8361e44468f9e9d7843901e1"]
